
Microsoft Visual Studio Solution File, Format Version 12.00
# Visual Studio Version 16
VisualStudioVersion = 16.0.29001.49
MinimumVisualStudioVersion = 10.0.40219.1
Project("{FAE04EC0-301F-11D3-BF4B-00C04F79EFBC}") = "MVC_Tutorial", "MVC_Tutorial.csproj", "{AA071744-4FE8-4697-AAF0-6DFBC1AE377B}"
EndProject
Global
	GlobalSection(SolutionConfigurationPlatforms) = preSolution
		Debug|Any CPU = Debug|Any CPU
		Release|Any CPU = Release|Any CPU
	EndGlobalSection
	GlobalSection(ProjectConfigurationPlatforms) = postSolution
		{AA071744-4FE8-4697-AAF0-6DFBC1AE377B}.Debug|Any CPU.ActiveCfg = Debug|Any CPU
		{AA071744-4FE8-4697-AAF0-6DFBC1AE377B}.Debug|Any CPU.Build.0 = Debug|Any CPU
		{AA071744-4FE8-4697-AAF0-6DFBC1AE377B}.Release|Any CPU.ActiveCfg = Release|Any CPU
		{AA071744-4FE8-4697-AAF0-6DFBC1AE377B}.Release|Any CPU.Build.0 = Release|Any CPU
	EndGlobalSection
	GlobalSection(SolutionProperties) = preSolution
		HideSolutionNode = FALSE
	EndGlobalSection
	GlobalSection(ExtensibilityGlobals) = postSolution
		SolutionGuid = {184D03C8-B2E5-446F-9052-B1638F0ADAC1}
	EndGlobalSection
EndGlobal
